
Microsoft Visual Studio Solution File, Format Version 12.00
# Visual Studio Version 17
VisualStudioVersion = 17.4.33205.214
MinimumVisualStudioVersion = 10.0.40219.1
Project("{9A19103F-16F7-4668-BE54-9A1E7A4F7556}") = "CandidateBlazorApp.Server", "CandidateBlazorApp\Server\CandidateBlazorApp.Server.csproj", "{C8F3CC88-AD25-4CCA-98FC-B04F88D75C4F}"
EndProject
Project("{9A19103F-16F7-4668-BE54-9A1E7A4F7556}") = "CandidateBlazorApp.Client", "CandidateBlazorApp\Client\CandidateBlazorApp.Client.csproj", "{8993A674-1655-46BC-B588-2B92DD7E2214}"
EndProject
Project("{9A19103F-16F7-4668-BE54-9A1E7A4F7556}") = "CandidateBlazorApp.Shared", "CandidateBlazorApp\Shared\CandidateBlazorApp.Shared.csproj", "{1CD504F9-88DB-4DAE-A0BA-B213EBABB882}"
EndProject
Global
	GlobalSection(SolutionConfigurationPlatforms) = preSolution
		Debug|Any CPU = Debug|Any CPU
		Release|Any CPU = Release|Any CPU
	EndGlobalSection
	GlobalSection(ProjectConfigurationPlatforms) = postSolution
		{C8F3CC88-AD25-4CCA-98FC-B04F88D75C4F}.Debug|Any CPU.ActiveCfg = Debug|Any CPU
		{C8F3CC88-AD25-4CCA-98FC-B04F88D75C4F}.Debug|Any CPU.Build.0 = Debug|Any CPU
		{C8F3CC88-AD25-4CCA-98FC-B04F88D75C4F}.Release|Any CPU.ActiveCfg = Release|Any CPU
		{C8F3CC88-AD25-4CCA-98FC-B04F88D75C4F}.Release|Any CPU.Build.0 = Release|Any CPU
		{8993A674-1655-46BC-B588-2B92DD7E2214}.Debug|Any CPU.ActiveCfg = Debug|Any CPU
		{8993A674-1655-46BC-B588-2B92DD7E2214}.Debug|Any CPU.Build.0 = Debug|Any CPU
		{8993A674-1655-46BC-B588-2B92DD7E2214}.Release|Any CPU.ActiveCfg = Release|Any CPU
		{8993A674-1655-46BC-B588-2B92DD7E2214}.Release|Any CPU.Build.0 = Release|Any CPU
		{1CD504F9-88DB-4DAE-A0BA-B213EBABB882}.Debug|Any CPU.ActiveCfg = Debug|Any CPU
		{1CD504F9-88DB-4DAE-A0BA-B213EBABB882}.Debug|Any CPU.Build.0 = Debug|Any CPU
		{1CD504F9-88DB-4DAE-A0BA-B213EBABB882}.Release|Any CPU.ActiveCfg = Release|Any CPU
		{1CD504F9-88DB-4DAE-A0BA-B213EBABB882}.Release|Any CPU.Build.0 = Release|Any CPU
	EndGlobalSection
	GlobalSection(SolutionProperties) = preSolution
		HideSolutionNode = FALSE
	EndGlobalSection
	GlobalSection(ExtensibilityGlobals) = postSolution
		SolutionGuid = {B900B984-E886-4980-89BA-B1A26F39FAA1}
	EndGlobalSection
EndGlobal
