
Microsoft Visual Studio Solution File, Format Version 12.00
# Visual Studio Version 17
VisualStudioVersion = 17.5.33424.131
MinimumVisualStudioVersion = 10.0.40219.1
Project("{FAE04EC0-301F-11D3-BF4B-00C04F79EFBC}") = "SPL_HOME_TASK", "SPL_HOME_TASK\SPL_HOME_TASK.csproj", "{78A38F68-D3CA-4FF5-BFFD-7CCB9EA96D59}"
EndProject
Global
	GlobalSection(SolutionConfigurationPlatforms) = preSolution
		Debug|Any CPU = Debug|Any CPU
		Release|Any CPU = Release|Any CPU
	EndGlobalSection
	GlobalSection(ProjectConfigurationPlatforms) = postSolution
		{78A38F68-D3CA-4FF5-BFFD-7CCB9EA96D59}.Debug|Any CPU.ActiveCfg = Debug|Any CPU
		{78A38F68-D3CA-4FF5-BFFD-7CCB9EA96D59}.Debug|Any CPU.Build.0 = Debug|Any CPU
		{78A38F68-D3CA-4FF5-BFFD-7CCB9EA96D59}.Release|Any CPU.ActiveCfg = Release|Any CPU
		{78A38F68-D3CA-4FF5-BFFD-7CCB9EA96D59}.Release|Any CPU.Build.0 = Release|Any CPU
	EndGlobalSection
	GlobalSection(SolutionProperties) = preSolution
		HideSolutionNode = FALSE
	EndGlobalSection
	GlobalSection(ExtensibilityGlobals) = postSolution
		SolutionGuid = {3FCAE499-0EC5-46F4-9AE6-A0F40A871D94}
	EndGlobalSection
EndGlobal
